# THIS IS AN AUTOGENERATED FILE. DO NOT EDIT THIS FILE DIRECTLY.
# yarn lockfile v1


aurelia-http-client@^1.3.0:
  version "1.3.0"
  resolved "https://registry.yarnpkg.com/aurelia-http-client/-/aurelia-http-client-1.3.0.tgz#0a109ac82403c459895c4f3daee5b8835f016079"
  integrity sha512-4DV8ipfRCaoikhxSHOQrRLN/v8Ts8wKOlFkB7CX2X8/rd3J3KdcEN5PtkmcnXy6WL/1kWBTVkmhBJBF6xMBAOw==
  dependencies:
    aurelia-pal "^1.0.0"
    aurelia-path "^1.1.1"

aurelia-pal@^1.0.0:
  version "1.8.0"
  resolved "https://registry.yarnpkg.com/aurelia-pal/-/aurelia-pal-1.8.0.tgz#b6496fae8b335b8cecb1f8b98434ea4125fd2333"
  integrity sha512-Nc9S/JTUh1ErSUwg4INhgwBTe99ef8gYXZLjBnP4JJBmLcc/ChhOvj/dSRwluPkosggQgyj2pjla/9VAYHAXPg==

aurelia-path@^1.1.1:
  version "1.1.1"
  resolved "https://registry.yarnpkg.com/aurelia-path/-/aurelia-path-1.1.1.tgz#caa9d20bc8515a5f9f286d9a3b18d81b2c85b0dd"
  integrity sha1-yqnSC8hRWl+fKG2aOxjYGyyFsN0=
